
Microsoft Visual Studio Solution File, Format Version 11.00
# Visual Studio 2010
Project("{FAE04EC0-301F-11D3-BF4B-00C04F79EFBC}") = "3D-VR_Game-master", "Assembly-CSharp-firstpass.csproj", "{44EF3C98-D853-00B8-A948-08587AF31FB3}"
EndProject
Project("{FAE04EC0-301F-11D3-BF4B-00C04F79EFBC}") = "3D-VR_Game-master", "Assembly-CSharp.csproj", "{04FEF013-A325-770A-E96C-1E40E9A4C72B}"
EndProject
Project("{FAE04EC0-301F-11D3-BF4B-00C04F79EFBC}") = "3D-VR_Game-master", "Assembly-CSharp-Editor-firstpass.csproj", "{88AC6982-F151-982D-5ED9-02EE5C7EF01B}"
EndProject
Project("{FAE04EC0-301F-11D3-BF4B-00C04F79EFBC}") = "3D-VR_Game-master", "Assembly-CSharp-Editor.csproj", "{4F09787C-6BEB-0747-AF7A-75A88554238C}"
EndProject
Global
	GlobalSection(SolutionConfigurationPlatforms) = preSolution
		Debug|Any CPU = Debug|Any CPU
		Release|Any CPU = Release|Any CPU
	EndGlobalSection
	GlobalSection(ProjectConfigurationPlatforms) = postSolution
		{44EF3C98-D853-00B8-A948-08587AF31FB3}.Debug|Any CPU.ActiveCfg = Debug|Any CPU
		{44EF3C98-D853-00B8-A948-08587AF31FB3}.Debug|Any CPU.Build.0 = Debug|Any CPU
		{44EF3C98-D853-00B8-A948-08587AF31FB3}.Release|Any CPU.ActiveCfg = Release|Any CPU
		{44EF3C98-D853-00B8-A948-08587AF31FB3}.Release|Any CPU.Build.0 = Release|Any CPU
		{04FEF013-A325-770A-E96C-1E40E9A4C72B}.Debug|Any CPU.ActiveCfg = Debug|Any CPU
		{04FEF013-A325-770A-E96C-1E40E9A4C72B}.Debug|Any CPU.Build.0 = Debug|Any CPU
		{04FEF013-A325-770A-E96C-1E40E9A4C72B}.Release|Any CPU.ActiveCfg = Release|Any CPU
		{04FEF013-A325-770A-E96C-1E40E9A4C72B}.Release|Any CPU.Build.0 = Release|Any CPU
		{88AC6982-F151-982D-5ED9-02EE5C7EF01B}.Debug|Any CPU.ActiveCfg = Debug|Any CPU
		{88AC6982-F151-982D-5ED9-02EE5C7EF01B}.Debug|Any CPU.Build.0 = Debug|Any CPU
		{88AC6982-F151-982D-5ED9-02EE5C7EF01B}.Release|Any CPU.ActiveCfg = Release|Any CPU
		{88AC6982-F151-982D-5ED9-02EE5C7EF01B}.Release|Any CPU.Build.0 = Release|Any CPU
		{4F09787C-6BEB-0747-AF7A-75A88554238C}.Debug|Any CPU.ActiveCfg = Debug|Any CPU
		{4F09787C-6BEB-0747-AF7A-75A88554238C}.Debug|Any CPU.Build.0 = Debug|Any CPU
		{4F09787C-6BEB-0747-AF7A-75A88554238C}.Release|Any CPU.ActiveCfg = Release|Any CPU
		{4F09787C-6BEB-0747-AF7A-75A88554238C}.Release|Any CPU.Build.0 = Release|Any CPU
	EndGlobalSection
	GlobalSection(SolutionProperties) = preSolution
		HideSolutionNode = FALSE
	EndGlobalSection
	GlobalSection(MonoDevelopProperties) = preSolution
		StartupItem = Assembly-CSharp.csproj
	EndGlobalSection
EndGlobal
